
Microsoft Visual Studio Solution File, Format Version 12.00
# Visual Studio 14
VisualStudioVersion = 14.0.23107.0
MinimumVisualStudioVersion = 10.0.40219.1
Project("{2150E333-8FDC-42A3-9474-1A3956D46DE8}") = "Business", "Business", "{7CA2867E-D154-4D57-A5E5-565299203095}"
EndProject
Project("{2150E333-8FDC-42A3-9474-1A3956D46DE8}") = "Presentation", "Presentation", "{59B31BEE-74A3-4445-A519-214DBCD47E27}"
EndProject
Project("{2150E333-8FDC-42A3-9474-1A3956D46DE8}") = "Data", "Data", "{B5A97662-8A00-4140-8482-C980810F746F}"
EndProject
Project("{8BB2217D-0F2D-49D1-97BC-3654ED321F3B}") = "vNext_Durandal.Web", "vNext_Durandal.Web\vNext_Durandal.Web.xproj", "{9542F198-46D7-4D25-BC55-3AB30E9E4B2C}"
EndProject
Project("{2150E333-8FDC-42A3-9474-1A3956D46DE8}") = "Commom", "Commom", "{63AD79F6-DA2D-4558-A351-4C3BAE39DDB6}"
EndProject
Project("{2150E333-8FDC-42A3-9474-1A3956D46DE8}") = "Tests", "Tests", "{6E8FE180-0388-481B-BC26-C4DF28D5D937}"
EndProject
Project("{8BB2217D-0F2D-49D1-97BC-3654ED321F3B}") = "vNextDurandal.Commom", "vNextDurandal.Commom\vNextDurandal.Commom.xproj", "{11FD896C-3877-408F-830A-05122EA95317}"
EndProject
Project("{8BB2217D-0F2D-49D1-97BC-3654ED321F3B}") = "vNextDurandal.Business", "vNextDurandal.Business\vNextDurandal.Business.xproj", "{49C4AB1C-5110-44D3-8CF4-CF5B48BB8BEA}"
EndProject
Project("{2150E333-8FDC-42A3-9474-1A3956D46DE8}") = "Solution Items", "Solution Items", "{991D6862-5FDC-437B-B38E-1A9F7D4CB65A}"
	ProjectSection(SolutionItems) = preProject
		vNext_Durandal.Web\global.json = vNext_Durandal.Web\global.json
	EndProjectSection
EndProject
Project("{8BB2217D-0F2D-49D1-97BC-3654ED321F3B}") = "vNextDurandal.Data", "vNextDurandal.Data\vNextDurandal.Data.xproj", "{62DF80DF-3AF5-47E4-9529-D223F6170396}"
EndProject
Global
	GlobalSection(SolutionConfigurationPlatforms) = preSolution
		Debug|Any CPU = Debug|Any CPU
		Release|Any CPU = Release|Any CPU
	EndGlobalSection
	GlobalSection(ProjectConfigurationPlatforms) = postSolution
		{9542F198-46D7-4D25-BC55-3AB30E9E4B2C}.Debug|Any CPU.ActiveCfg = Debug|Any CPU
		{9542F198-46D7-4D25-BC55-3AB30E9E4B2C}.Debug|Any CPU.Build.0 = Debug|Any CPU
		{9542F198-46D7-4D25-BC55-3AB30E9E4B2C}.Release|Any CPU.ActiveCfg = Release|Any CPU
		{9542F198-46D7-4D25-BC55-3AB30E9E4B2C}.Release|Any CPU.Build.0 = Release|Any CPU
		{11FD896C-3877-408F-830A-05122EA95317}.Debug|Any CPU.ActiveCfg = Debug|Any CPU
		{11FD896C-3877-408F-830A-05122EA95317}.Debug|Any CPU.Build.0 = Debug|Any CPU
		{11FD896C-3877-408F-830A-05122EA95317}.Release|Any CPU.ActiveCfg = Release|Any CPU
		{11FD896C-3877-408F-830A-05122EA95317}.Release|Any CPU.Build.0 = Release|Any CPU
		{49C4AB1C-5110-44D3-8CF4-CF5B48BB8BEA}.Debug|Any CPU.ActiveCfg = Debug|Any CPU
		{49C4AB1C-5110-44D3-8CF4-CF5B48BB8BEA}.Debug|Any CPU.Build.0 = Debug|Any CPU
		{49C4AB1C-5110-44D3-8CF4-CF5B48BB8BEA}.Release|Any CPU.ActiveCfg = Release|Any CPU
		{49C4AB1C-5110-44D3-8CF4-CF5B48BB8BEA}.Release|Any CPU.Build.0 = Release|Any CPU
		{62DF80DF-3AF5-47E4-9529-D223F6170396}.Debug|Any CPU.ActiveCfg = Debug|Any CPU
		{62DF80DF-3AF5-47E4-9529-D223F6170396}.Debug|Any CPU.Build.0 = Debug|Any CPU
		{62DF80DF-3AF5-47E4-9529-D223F6170396}.Release|Any CPU.ActiveCfg = Release|Any CPU
		{62DF80DF-3AF5-47E4-9529-D223F6170396}.Release|Any CPU.Build.0 = Release|Any CPU
	EndGlobalSection
	GlobalSection(SolutionProperties) = preSolution
		HideSolutionNode = FALSE
	EndGlobalSection
	GlobalSection(NestedProjects) = preSolution
		{9542F198-46D7-4D25-BC55-3AB30E9E4B2C} = {59B31BEE-74A3-4445-A519-214DBCD47E27}
		{11FD896C-3877-408F-830A-05122EA95317} = {63AD79F6-DA2D-4558-A351-4C3BAE39DDB6}
		{49C4AB1C-5110-44D3-8CF4-CF5B48BB8BEA} = {7CA2867E-D154-4D57-A5E5-565299203095}
		{62DF80DF-3AF5-47E4-9529-D223F6170396} = {B5A97662-8A00-4140-8482-C980810F746F}
	EndGlobalSection
EndGlobal
