
Microsoft Visual Studio Solution File, Format Version 12.00
# Visual Studio 14
VisualStudioVersion = 14.0.23107.0
MinimumVisualStudioVersion = 10.0.40219.1
Project("{2150E333-8FDC-42A3-9474-1A3956D46DE8}") = "Business", "Business", "{7CA2867E-D154-4D57-A5E5-565299203095}"
EndProject
Project("{2150E333-8FDC-42A3-9474-1A3956D46DE8}") = "Presentation", "Presentation", "{59B31BEE-74A3-4445-A519-214DBCD47E27}"
EndProject
Project("{2150E333-8FDC-42A3-9474-1A3956D46DE8}") = "Data", "Data", "{B5A97662-8A00-4140-8482-C980810F746F}"
EndProject
Project("{2150E333-8FDC-42A3-9474-1A3956D46DE8}") = "Solution Items", "Solution Items", "{9C493E82-9733-4AEC-8A46-3190E17F038B}"
	ProjectSection(SolutionItems) = preProject
		AspNet5_Durandal.Web\global.json = AspNet5_Durandal.Web\global.json
	EndProjectSection
EndProject
Project("{8BB2217D-0F2D-49D1-97BC-3654ED321F3B}") = "vNext_Durandal.Web", "vNext_Durandal.Web\vNext_Durandal.Web.xproj", "{9542F198-46D7-4D25-BC55-3AB30E9E4B2C}"
EndProject
Project("{FAE04EC0-301F-11D3-BF4B-00C04F79EFBC}") = "vNext_Durandal.Data", "vNext_Durandal.Data\vNext_Durandal.Data.csproj", "{D3A49F91-710F-4B8F-A835-DD5E4A821E22}"
EndProject
Project("{FAE04EC0-301F-11D3-BF4B-00C04F79EFBC}") = "vNext_Durandal.Business", "vNext_Durandal.Business\vNext_Durandal.Business.csproj", "{BBE4DA26-4FE0-4B66-BA90-E1CE4D64CED7}"
EndProject
Project("{2150E333-8FDC-42A3-9474-1A3956D46DE8}") = "Commom", "Commom", "{63AD79F6-DA2D-4558-A351-4C3BAE39DDB6}"
EndProject
Project("{FAE04EC0-301F-11D3-BF4B-00C04F79EFBC}") = "vNext_Durandal.Commom", "vNext_Durandal.Commom\vNext_Durandal.Commom.csproj", "{9A15B05F-AFD6-43AD-B525-A7B5D9596EF6}"
EndProject
Project("{2150E333-8FDC-42A3-9474-1A3956D46DE8}") = "Tests", "Tests", "{6E8FE180-0388-481B-BC26-C4DF28D5D937}"
EndProject
Project("{FAE04EC0-301F-11D3-BF4B-00C04F79EFBC}") = "vNext_Durandal.Business.Test", "vNext_Durandal.Business.Test\vNext_Durandal.Business.Test.csproj", "{9807A74D-557E-4003-ADA7-06B3E4E46095}"
EndProject
Project("{FAE04EC0-301F-11D3-BF4B-00C04F79EFBC}") = "VNext_Durandal.Test.Commom", "VNext_Durandal.Test.Commom\VNext_Durandal.Test.Commom.csproj", "{85C6E7F2-610F-4F2A-B913-04ED5E8062F9}"
EndProject
Project("{FAE04EC0-301F-11D3-BF4B-00C04F79EFBC}") = "vNext_Durandal.Data.Test", "vNext_Durandal.Data.Test\vNext_Durandal.Data.Test.csproj", "{38F4A875-CC21-47CF-8DEC-65F322AA2E73}"
EndProject
Project("{2150E333-8FDC-42A3-9474-1A3956D46DE8}") = "Infra", "Infra", "{440544E1-71EC-445E-AABC-9B22CEE2E01A}"
EndProject
Project("{FAE04EC0-301F-11D3-BF4B-00C04F79EFBC}") = "vNext_Durandal.IoC", "vNext_Durandal.IoC\vNext_Durandal.IoC.csproj", "{9432ED6C-1BFD-48E6-8611-DDB5743997BE}"
EndProject
Global
	GlobalSection(SolutionConfigurationPlatforms) = preSolution
		Debug|Any CPU = Debug|Any CPU
		Release|Any CPU = Release|Any CPU
	EndGlobalSection
	GlobalSection(ProjectConfigurationPlatforms) = postSolution
		{9542F198-46D7-4D25-BC55-3AB30E9E4B2C}.Debug|Any CPU.ActiveCfg = Debug|Any CPU
		{9542F198-46D7-4D25-BC55-3AB30E9E4B2C}.Debug|Any CPU.Build.0 = Debug|Any CPU
		{9542F198-46D7-4D25-BC55-3AB30E9E4B2C}.Release|Any CPU.ActiveCfg = Release|Any CPU
		{9542F198-46D7-4D25-BC55-3AB30E9E4B2C}.Release|Any CPU.Build.0 = Release|Any CPU
		{D3A49F91-710F-4B8F-A835-DD5E4A821E22}.Debug|Any CPU.ActiveCfg = Debug|Any CPU
		{D3A49F91-710F-4B8F-A835-DD5E4A821E22}.Debug|Any CPU.Build.0 = Debug|Any CPU
		{D3A49F91-710F-4B8F-A835-DD5E4A821E22}.Release|Any CPU.ActiveCfg = Release|Any CPU
		{D3A49F91-710F-4B8F-A835-DD5E4A821E22}.Release|Any CPU.Build.0 = Release|Any CPU
		{BBE4DA26-4FE0-4B66-BA90-E1CE4D64CED7}.Debug|Any CPU.ActiveCfg = Debug|Any CPU
		{BBE4DA26-4FE0-4B66-BA90-E1CE4D64CED7}.Debug|Any CPU.Build.0 = Debug|Any CPU
		{BBE4DA26-4FE0-4B66-BA90-E1CE4D64CED7}.Release|Any CPU.ActiveCfg = Release|Any CPU
		{BBE4DA26-4FE0-4B66-BA90-E1CE4D64CED7}.Release|Any CPU.Build.0 = Release|Any CPU
		{9A15B05F-AFD6-43AD-B525-A7B5D9596EF6}.Debug|Any CPU.ActiveCfg = Debug|Any CPU
		{9A15B05F-AFD6-43AD-B525-A7B5D9596EF6}.Debug|Any CPU.Build.0 = Debug|Any CPU
		{9A15B05F-AFD6-43AD-B525-A7B5D9596EF6}.Release|Any CPU.ActiveCfg = Release|Any CPU
		{9A15B05F-AFD6-43AD-B525-A7B5D9596EF6}.Release|Any CPU.Build.0 = Release|Any CPU
		{9807A74D-557E-4003-ADA7-06B3E4E46095}.Debug|Any CPU.ActiveCfg = Debug|Any CPU
		{9807A74D-557E-4003-ADA7-06B3E4E46095}.Debug|Any CPU.Build.0 = Debug|Any CPU
		{9807A74D-557E-4003-ADA7-06B3E4E46095}.Release|Any CPU.ActiveCfg = Release|Any CPU
		{9807A74D-557E-4003-ADA7-06B3E4E46095}.Release|Any CPU.Build.0 = Release|Any CPU
		{85C6E7F2-610F-4F2A-B913-04ED5E8062F9}.Debug|Any CPU.ActiveCfg = Debug|Any CPU
		{85C6E7F2-610F-4F2A-B913-04ED5E8062F9}.Debug|Any CPU.Build.0 = Debug|Any CPU
		{85C6E7F2-610F-4F2A-B913-04ED5E8062F9}.Release|Any CPU.ActiveCfg = Release|Any CPU
		{85C6E7F2-610F-4F2A-B913-04ED5E8062F9}.Release|Any CPU.Build.0 = Release|Any CPU
		{38F4A875-CC21-47CF-8DEC-65F322AA2E73}.Debug|Any CPU.ActiveCfg = Debug|Any CPU
		{38F4A875-CC21-47CF-8DEC-65F322AA2E73}.Debug|Any CPU.Build.0 = Debug|Any CPU
		{38F4A875-CC21-47CF-8DEC-65F322AA2E73}.Release|Any CPU.ActiveCfg = Release|Any CPU
		{38F4A875-CC21-47CF-8DEC-65F322AA2E73}.Release|Any CPU.Build.0 = Release|Any CPU
		{9432ED6C-1BFD-48E6-8611-DDB5743997BE}.Debug|Any CPU.ActiveCfg = Debug|Any CPU
		{9432ED6C-1BFD-48E6-8611-DDB5743997BE}.Debug|Any CPU.Build.0 = Debug|Any CPU
		{9432ED6C-1BFD-48E6-8611-DDB5743997BE}.Release|Any CPU.ActiveCfg = Release|Any CPU
		{9432ED6C-1BFD-48E6-8611-DDB5743997BE}.Release|Any CPU.Build.0 = Release|Any CPU
	EndGlobalSection
	GlobalSection(SolutionProperties) = preSolution
		HideSolutionNode = FALSE
	EndGlobalSection
	GlobalSection(NestedProjects) = preSolution
		{9542F198-46D7-4D25-BC55-3AB30E9E4B2C} = {59B31BEE-74A3-4445-A519-214DBCD47E27}
		{D3A49F91-710F-4B8F-A835-DD5E4A821E22} = {B5A97662-8A00-4140-8482-C980810F746F}
		{BBE4DA26-4FE0-4B66-BA90-E1CE4D64CED7} = {7CA2867E-D154-4D57-A5E5-565299203095}
		{9A15B05F-AFD6-43AD-B525-A7B5D9596EF6} = {63AD79F6-DA2D-4558-A351-4C3BAE39DDB6}
		{9807A74D-557E-4003-ADA7-06B3E4E46095} = {6E8FE180-0388-481B-BC26-C4DF28D5D937}
		{85C6E7F2-610F-4F2A-B913-04ED5E8062F9} = {6E8FE180-0388-481B-BC26-C4DF28D5D937}
		{38F4A875-CC21-47CF-8DEC-65F322AA2E73} = {6E8FE180-0388-481B-BC26-C4DF28D5D937}
		{9432ED6C-1BFD-48E6-8611-DDB5743997BE} = {440544E1-71EC-445E-AABC-9B22CEE2E01A}
	EndGlobalSection
EndGlobal
